// !$*UTF8*$!
{
	archiveVersion = 1;
	classes = {
	};
	objectVersion = 50;
	objects = {

/* Begin PBXBuildFile section */
		AC73A7EC241AFE8600CBFCDB /* AppDelegate.swift in Sources */ = {isa = PBXBuildFile; fileRef = AC73A7EB241AFE8600CBFCDB /* AppDelegate.swift */; };
		AC73A7EE241AFE8600CBFCDB /* SceneDelegate.swift in Sources */ = {isa = PBXBuildFile; fileRef = AC73A7ED241AFE8600CBFCDB /* SceneDelegate.swift */; };
		AC73A7F3241AFE8600CBFCDB /* Main.storyboard in Resources */ = {isa = PBXBuildFile; fileRef = AC73A7F1241AFE8600CBFCDB /* Main.storyboard */; };
		AC73A7F5241AFE8800CBFCDB /* Assets.xcassets in Resources */ = {isa = PBXBuildFile; fileRef = AC73A7F4241AFE8800CBFCDB /* Assets.xcassets */; };
		AC73A7F8241AFE8800CBFCDB /* LaunchScreen.storyboard in Resources */ = {isa = PBXBuildFile; fileRef = AC73A7F6241AFE8800CBFCDB /* LaunchScreen.storyboard */; };
		AC73A808241B024E00CBFCDB /* Drink.swift in Sources */ = {isa = PBXBuildFile; fileRef = AC73A807241B024E00CBFCDB /* Drink.swift */; };
		AC73A80A241B06A500CBFCDB /* DrinkError.swift in Sources */ = {isa = PBXBuildFile; fileRef = AC73A809241B06A500CBFCDB /* DrinkError.swift */; };
		AC73A80C241B074600CBFCDB /* DrinkController.swift in Sources */ = {isa = PBXBuildFile; fileRef = AC73A80B241B074600CBFCDB /* DrinkController.swift */; };
/* End PBXBuildFile section */

/* Begin PBXFileReference section */
		AC73A7E8241AFE8600CBFCDB /* PocketBar.app */ = {isa = PBXFileReference; explicitFileType = wrapper.application; includeInIndex = 0; path = PocketBar.app; sourceTree = BUILT_PRODUCTS_DIR; };
		AC73A7EB241AFE8600CBFCDB /* AppDelegate.swift */ = {isa = PBXFileReference; lastKnownFileType = sourcecode.swift; path = AppDelegate.swift; sourceTree = "<group>"; };
		AC73A7ED241AFE8600CBFCDB /* SceneDelegate.swift */ = {isa = PBXFileReference; lastKnownFileType = sourcecode.swift; path = SceneDelegate.swift; sourceTree = "<group>"; };
		AC73A7F2241AFE8600CBFCDB /* Base */ = {isa = PBXFileReference; lastKnownFileType = file.storyboard; name = Base; path = Base.lproj/Main.storyboard; sourceTree = "<group>"; };
		AC73A7F4241AFE8800CBFCDB /* Assets.xcassets */ = {isa = PBXFileReference; lastKnownFileType = folder.assetcatalog; path = Assets.xcassets; sourceTree = "<group>"; };
		AC73A7F7241AFE8800CBFCDB /* Base */ = {isa = PBXFileReference; lastKnownFileType = file.storyboard; name = Base; path = Base.lproj/LaunchScreen.storyboard; sourceTree = "<group>"; };
		AC73A7F9241AFE8800CBFCDB /* Info.plist */ = {isa = PBXFileReference; lastKnownFileType = text.plist.xml; path = Info.plist; sourceTree = "<group>"; };
		AC73A807241B024E00CBFCDB /* Drink.swift */ = {isa = PBXFileReference; lastKnownFileType = sourcecode.swift; path = Drink.swift; sourceTree = "<group>"; };
		AC73A809241B06A500CBFCDB /* DrinkError.swift */ = {isa = PBXFileReference; lastKnownFileType = sourcecode.swift; path = DrinkError.swift; sourceTree = "<group>"; };
		AC73A80B241B074600CBFCDB /* DrinkController.swift */ = {isa = PBXFileReference; lastKnownFileType = sourcecode.swift; path = DrinkController.swift; sourceTree = "<group>"; };
/* End PBXFileReference section */

/* Begin PBXFrameworksBuildPhase section */
		AC73A7E5241AFE8600CBFCDB /* Frameworks */ = {
			isa = PBXFrameworksBuildPhase;
			buildActionMask = 2147483647;
			files = (
			);
			runOnlyForDeploymentPostprocessing = 0;
		};
/* End PBXFrameworksBuildPhase section */

/* Begin PBXGroup section */
		AC73A7DF241AFE8600CBFCDB = {
			isa = PBXGroup;
			children = (
				AC73A7EA241AFE8600CBFCDB /* PocketBar */,
				AC73A7E9241AFE8600CBFCDB /* Products */,
			);
			sourceTree = "<group>";
		};
		AC73A7E9241AFE8600CBFCDB /* Products */ = {
			isa = PBXGroup;
			children = (
				AC73A7E8241AFE8600CBFCDB /* PocketBar.app */,
			);
			name = Products;
			sourceTree = "<group>";
		};
		AC73A7EA241AFE8600CBFCDB /* PocketBar */ = {
			isa = PBXGroup;
			children = (
				AC73A805241AFF3400CBFCDB /* Helpers */,
				AC73A801241AFEB500CBFCDB /* Controllers */,
				AC73A800241AFEAB00CBFCDB /* Model */,
				AC73A802241AFEBF00CBFCDB /* Views */,
				AC73A7FF241AFEA000CBFCDB /* Resources */,
			);
			path = PocketBar;
			sourceTree = "<group>";
		};
		AC73A7FF241AFEA000CBFCDB /* Resources */ = {
			isa = PBXGroup;
			children = (
				AC73A7EB241AFE8600CBFCDB /* AppDelegate.swift */,
				AC73A7ED241AFE8600CBFCDB /* SceneDelegate.swift */,
				AC73A7F4241AFE8800CBFCDB /* Assets.xcassets */,
				AC73A7F6241AFE8800CBFCDB /* LaunchScreen.storyboard */,
				AC73A7F9241AFE8800CBFCDB /* Info.plist */,
			);
			path = Resources;
			sourceTree = "<group>";
		};
		AC73A800241AFEAB00CBFCDB /* Model */ = {
			isa = PBXGroup;
			children = (
				AC73A807241B024E00CBFCDB /* Drink.swift */,
			);
			path = Model;
			sourceTree = "<group>";
		};
		AC73A801241AFEB500CBFCDB /* Controllers */ = {
			isa = PBXGroup;
			children = (
				AC73A804241AFF2900CBFCDB /* View Controller */,
				AC73A803241AFF2200CBFCDB /* Model Controller */,
			);
			path = Controllers;
			sourceTree = "<group>";
		};
		AC73A802241AFEBF00CBFCDB /* Views */ = {
			isa = PBXGroup;
			children = (
				AC73A806241AFF4300CBFCDB /* Storyboard */,
			);
			path = Views;
			sourceTree = "<group>";
		};
		AC73A803241AFF2200CBFCDB /* Model Controller */ = {
			isa = PBXGroup;
			children = (
				AC73A80B241B074600CBFCDB /* DrinkController.swift */,
			);
			path = "Model Controller";
			sourceTree = "<group>";
		};
		AC73A804241AFF2900CBFCDB /* View Controller */ = {
			isa = PBXGroup;
			children = (
			);
			path = "View Controller";
			sourceTree = "<group>";
		};
		AC73A805241AFF3400CBFCDB /* Helpers */ = {
			isa = PBXGroup;
			children = (
				AC73A809241B06A500CBFCDB /* DrinkError.swift */,
			);
			path = Helpers;
			sourceTree = "<group>";
		};
		AC73A806241AFF4300CBFCDB /* Storyboard */ = {
			isa = PBXGroup;
			children = (
				AC73A7F1241AFE8600CBFCDB /* Main.storyboard */,
			);
			path = Storyboard;
			sourceTree = "<group>";
		};
/* End PBXGroup section */

/* Begin PBXNativeTarget section */
		AC73A7E7241AFE8600CBFCDB /* PocketBar */ = {
			isa = PBXNativeTarget;
			buildConfigurationList = AC73A7FC241AFE8800CBFCDB /* Build configuration list for PBXNativeTarget "PocketBar" */;
			buildPhases = (
				AC73A7E4241AFE8600CBFCDB /* Sources */,
				AC73A7E5241AFE8600CBFCDB /* Frameworks */,
				AC73A7E6241AFE8600CBFCDB /* Resources */,
			);
			buildRules = (
			);
			dependencies = (
			);
			name = PocketBar;
			productName = PocketBar;
			productReference = AC73A7E8241AFE8600CBFCDB /* PocketBar.app */;
			productType = "com.apple.product-type.application";
		};
/* End PBXNativeTarget section */

/* Begin PBXProject section */
		AC73A7E0241AFE8600CBFCDB /* Project object */ = {
			isa = PBXProject;
			attributes = {
				LastSwiftUpdateCheck = 1130;
				LastUpgradeCheck = 1130;
				ORGANIZATIONNAME = theevo;
				TargetAttributes = {
					AC73A7E7241AFE8600CBFCDB = {
						CreatedOnToolsVersion = 11.3.1;
					};
				};
			};
			buildConfigurationList = AC73A7E3241AFE8600CBFCDB /* Build configuration list for PBXProject "PocketBar" */;
			compatibilityVersion = "Xcode 9.3";
			developmentRegion = en;
			hasScannedForEncodings = 0;
			knownRegions = (
				en,
				Base,
			);
			mainGroup = AC73A7DF241AFE8600CBFCDB;
			productRefGroup = AC73A7E9241AFE8600CBFCDB /* Products */;
			projectDirPath = "";
			projectRoot = "";
			targets = (
				AC73A7E7241AFE8600CBFCDB /* PocketBar */,
			);
		};
/* End PBXProject section */

/* Begin PBXResourcesBuildPhase section */
		AC73A7E6241AFE8600CBFCDB /* Resources */ = {
			isa = PBXResourcesBuildPhase;
			buildActionMask = 2147483647;
			files = (
				AC73A7F8241AFE8800CBFCDB /* LaunchScreen.storyboard in Resources */,
				AC73A7F5241AFE8800CBFCDB /* Assets.xcassets in Resources */,
				AC73A7F3241AFE8600CBFCDB /* Main.storyboard in Resources */,
			);
			runOnlyForDeploymentPostprocessing = 0;
		};
/* End PBXResourcesBuildPhase section */

/* Begin PBXSourcesBuildPhase section */
		AC73A7E4241AFE8600CBFCDB /* Sources */ = {
			isa = PBXSourcesBuildPhase;
			buildActionMask = 2147483647;
			files = (
				AC73A7EC241AFE8600CBFCDB /* AppDelegate.swift in Sources */,
				AC73A80C241B074600CBFCDB /* DrinkController.swift in Sources */,
				AC73A80A241B06A500CBFCDB /* DrinkError.swift in Sources */,
				AC73A808241B024E00CBFCDB /* Drink.swift in Sources */,
				AC73A7EE241AFE8600CBFCDB /* SceneDelegate.swift in Sources */,
			);
			runOnlyForDeploymentPostprocessing = 0;
		};
/* End PBXSourcesBuildPhase section */

/* Begin PBXVariantGroup section */
		AC73A7F1241AFE8600CBFCDB /* Main.storyboard */ = {
			isa = PBXVariantGroup;
			children = (
				AC73A7F2241AFE8600CBFCDB /* Base */,
			);
			name = Main.storyboard;
			sourceTree = "<group>";
		};
		AC73A7F6241AFE8800CBFCDB /* LaunchScreen.storyboard */ = {
			isa = PBXVariantGroup;
			children = (
				AC73A7F7241AFE8800CBFCDB /* Base */,
			);
			name = LaunchScreen.storyboard;
			sourceTree = "<group>";
		};
/* End PBXVariantGroup section */

/* Begin XCBuildConfiguration section */
		AC73A7FA241AFE8800CBFCDB /* Debug */ = {
			isa = XCBuildConfiguration;
			buildSettings = {
				ALWAYS_SEARCH_USER_PATHS = NO;
				CLANG_ANALYZER_NONNULL = YES;
				CLANG_ANALYZER_NUMBER_OBJECT_CONVERSION = YES_AGGRESSIVE;
				CLANG_CXX_LANGUAGE_STANDARD = "gnu++14";
				CLANG_CXX_LIBRARY = "libc++";
				CLANG_ENABLE_MODULES = YES;
				CLANG_ENABLE_OBJC_ARC = YES;
				CLANG_ENABLE_OBJC_WEAK = YES;
				CLANG_WARN_BLOCK_CAPTURE_AUTORELEASING = YES;
				CLANG_WARN_BOOL_CONVERSION = YES;
				CLANG_WARN_COMMA = YES;
				CLANG_WARN_CONSTANT_CONVERSION = YES;
				CLANG_WARN_DEPRECATED_OBJC_IMPLEMENTATIONS = YES;
				CLANG_WARN_DIRECT_OBJC_ISA_USAGE = YES_ERROR;
				CLANG_WARN_DOCUMENTATION_COMMENTS = YES;
				CLANG_WARN_EMPTY_BODY = YES;
				CLANG_WARN_ENUM_CONVERSION = YES;
				CLANG_WARN_INFINITE_RECURSION = YES;
				CLANG_WARN_INT_CONVERSION = YES;
				CLANG_WARN_NON_LITERAL_NULL_CONVERSION = YES;
				CLANG_WARN_OBJC_IMPLICIT_RETAIN_SELF = YES;
				CLANG_WARN_OBJC_LITERAL_CONVERSION = YES;
				CLANG_WARN_OBJC_ROOT_CLASS = YES_ERROR;
				CLANG_WARN_RANGE_LOOP_ANALYSIS = YES;
				CLANG_WARN_STRICT_PROTOTYPES = YES;
				CLANG_WARN_SUSPICIOUS_MOVE = YES;
				CLANG_WARN_UNGUARDED_AVAILABILITY = YES_AGGRESSIVE;
				CLANG_WARN_UNREACHABLE_CODE = YES;
				CLANG_WARN__DUPLICATE_METHOD_MATCH = YES;
				COPY_PHASE_STRIP = NO;
				DEBUG_INFORMATION_FORMAT = dwarf;
				ENABLE_STRICT_OBJC_MSGSEND = YES;
				ENABLE_TESTABILITY = YES;
				GCC_C_LANGUAGE_STANDARD = gnu11;
				GCC_DYNAMIC_NO_PIC = NO;
				GCC_NO_COMMON_BLOCKS = YES;
				GCC_OPTIMIZATION_LEVEL = 0;
				GCC_PREPROCESSOR_DEFINITIONS = (
					"DEBUG=1",
					"$(inherited)",
				);
				GCC_WARN_64_TO_32_BIT_CONVERSION = YES;
				GCC_WARN_ABOUT_RETURN_TYPE = YES_ERROR;
				GCC_WARN_UNDECLARED_SELECTOR = YES;
				GCC_WARN_UNINITIALIZED_AUTOS = YES_AGGRESSIVE;
				GCC_WARN_UNUSED_FUNCTION = YES;
				GCC_WARN_UNUSED_VARIABLE = YES;
				IPHONEOS_DEPLOYMENT_TARGET = 13.2;
				MTL_ENABLE_DEBUG_INFO = INCLUDE_SOURCE;
				MTL_FAST_MATH = YES;
				ONLY_ACTIVE_ARCH = YES;
				SDKROOT = iphoneos;
				SWIFT_ACTIVE_COMPILATION_CONDITIONS = DEBUG;
				SWIFT_OPTIMIZATION_LEVEL = "-Onone";
			};
			name = Debug;
		};
		AC73A7FB241AFE8800CBFCDB /* Release */ = {
			isa = XCBuildConfiguration;
			buildSettings = {
				ALWAYS_SEARCH_USER_PATHS = NO;
				CLANG_ANALYZER_NONNULL = YES;
				CLANG_ANALYZER_NUMBER_OBJECT_CONVERSION = YES_AGGRESSIVE;
				CLANG_CXX_LANGUAGE_STANDARD = "gnu++14";
				CLANG_CXX_LIBRARY = "libc++";
				CLANG_ENABLE_MODULES = YES;
				CLANG_ENABLE_OBJC_ARC = YES;
				CLANG_ENABLE_OBJC_WEAK = YES;
				CLANG_WARN_BLOCK_CAPTURE_AUTORELEASING = YES;
				CLANG_WARN_BOOL_CONVERSION = YES;
				CLANG_WARN_COMMA = YES;
				CLANG_WARN_CONSTANT_CONVERSION = YES;
				CLANG_WARN_DEPRECATED_OBJC_IMPLEMENTATIONS = YES;
				CLANG_WARN_DIRECT_OBJC_ISA_USAGE = YES_ERROR;
				CLANG_WARN_DOCUMENTATION_COMMENTS = YES;
				CLANG_WARN_EMPTY_BODY = YES;
				CLANG_WARN_ENUM_CONVERSION = YES;
				CLANG_WARN_INFINITE_RECURSION = YES;
				CLANG_WARN_INT_CONVERSION = YES;
				CLANG_WARN_NON_LITERAL_NULL_CONVERSION = YES;
				CLANG_WARN_OBJC_IMPLICIT_RETAIN_SELF = YES;
				CLANG_WARN_OBJC_LITERAL_CONVERSION = YES;
				CLANG_WARN_OBJC_ROOT_CLASS = YES_ERROR;
				CLANG_WARN_RANGE_LOOP_ANALYSIS = YES;
				CLANG_WARN_STRICT_PROTOTYPES = YES;
				CLANG_WARN_SUSPICIOUS_MOVE = YES;
				CLANG_WARN_UNGUARDED_AVAILABILITY = YES_AGGRESSIVE;
				CLANG_WARN_UNREACHABLE_CODE = YES;
				CLANG_WARN__DUPLICATE_METHOD_MATCH = YES;
				COPY_PHASE_STRIP = NO;
				DEBUG_INFORMATION_FORMAT = "dwarf-with-dsym";
				ENABLE_NS_ASSERTIONS = NO;
				ENABLE_STRICT_OBJC_MSGSEND = YES;
				GCC_C_LANGUAGE_STANDARD = gnu11;
				GCC_NO_COMMON_BLOCKS = YES;
				GCC_WARN_64_TO_32_BIT_CONVERSION = YES;
				GCC_WARN_ABOUT_RETURN_TYPE = YES_ERROR;
				GCC_WARN_UNDECLARED_SELECTOR = YES;
				GCC_WARN_UNINITIALIZED_AUTOS = YES_AGGRESSIVE;
				GCC_WARN_UNUSED_FUNCTION = YES;
				GCC_WARN_UNUSED_VARIABLE = YES;
				IPHONEOS_DEPLOYMENT_TARGET = 13.2;
				MTL_ENABLE_DEBUG_INFO = NO;
				MTL_FAST_MATH = YES;
				SDKROOT = iphoneos;
				SWIFT_COMPILATION_MODE = wholemodule;
				SWIFT_OPTIMIZATION_LEVEL = "-O";
				VALIDATE_PRODUCT = YES;
			};
			name = Release;
		};
		AC73A7FD241AFE8800CBFCDB /* Debug */ = {
			isa = XCBuildConfiguration;
			buildSettings = {
				ASSETCATALOG_COMPILER_APPICON_NAME = AppIcon;
				CODE_SIGN_STYLE = Automatic;
				INFOPLIST_FILE = PocketBar/Resources/Info.plist;
				LD_RUNPATH_SEARCH_PATHS = (
					"$(inherited)",
					"@executable_path/Frameworks",
				);
				PRODUCT_BUNDLE_IDENTIFIER = com.poundsand.PocketBar;
				PRODUCT_NAME = "$(TARGET_NAME)";
				SWIFT_VERSION = 5.0;
				TARGETED_DEVICE_FAMILY = "1,2";
			};
			name = Debug;
		};
		AC73A7FE241AFE8800CBFCDB /* Release */ = {
			isa = XCBuildConfiguration;
			buildSettings = {
				ASSETCATALOG_COMPILER_APPICON_NAME = AppIcon;
				CODE_SIGN_STYLE = Automatic;
				INFOPLIST_FILE = PocketBar/Resources/Info.plist;
				LD_RUNPATH_SEARCH_PATHS = (
					"$(inherited)",
					"@executable_path/Frameworks",
				);
				PRODUCT_BUNDLE_IDENTIFIER = com.poundsand.PocketBar;
				PRODUCT_NAME = "$(TARGET_NAME)";
				SWIFT_VERSION = 5.0;
				TARGETED_DEVICE_FAMILY = "1,2";
			};
			name = Release;
		};
/* End XCBuildConfiguration section */

/* Begin XCConfigurationList section */
		AC73A7E3241AFE8600CBFCDB /* Build configuration list for PBXProject "PocketBar" */ = {
			isa = XCConfigurationList;
			buildConfigurations = (
				AC73A7FA241AFE8800CBFCDB /* Debug */,
				AC73A7FB241AFE8800CBFCDB /* Release */,
			);
			defaultConfigurationIsVisible = 0;
			defaultConfigurationName = Release;
		};
		AC73A7FC241AFE8800CBFCDB /* Build configuration list for PBXNativeTarget "PocketBar" */ = {
			isa = XCConfigurationList;
			buildConfigurations = (
				AC73A7FD241AFE8800CBFCDB /* Debug */,
				AC73A7FE241AFE8800CBFCDB /* Release */,
			);
			defaultConfigurationIsVisible = 0;
			defaultConfigurationName = Release;
		};
/* End XCConfigurationList section */
	};
	rootObject = AC73A7E0241AFE8600CBFCDB /* Project object */;
}
